// !$*UTF8*$!
{
	archiveVersion = 1;
	classes = {
	};
	objectVersion = 50;
	objects = {

/* Begin PBXBuildFile section */
		34070B7A21FFE86300B22BAC /* AppDelegate.m in Sources */ = {isa = PBXBuildFile; fileRef = 34070B7921FFE86300B22BAC /* AppDelegate.m */; };
		34070B7D21FFE86300B22BAC /* ViewController.m in Sources */ = {isa = PBXBuildFile; fileRef = 34070B7C21FFE86300B22BAC /* ViewController.m */; };
		34070B8021FFE86300B22BAC /* Main.storyboard in Resources */ = {isa = PBXBuildFile; fileRef = 34070B7E21FFE86300B22BAC /* Main.storyboard */; };
		34070B8221FFE86300B22BAC /* Assets.xcassets in Resources */ = {isa = PBXBuildFile; fileRef = 34070B8121FFE86300B22BAC /* Assets.xcassets */; };
		34070B8521FFE86300B22BAC /* LaunchScreen.storyboard in Resources */ = {isa = PBXBuildFile; fileRef = 34070B8321FFE86300B22BAC /* LaunchScreen.storyboard */; };
		34070B8821FFE86300B22BAC /* main.m in Sources */ = {isa = PBXBuildFile; fileRef = 34070B8721FFE86300B22BAC /* main.m */; };
		34070B9221FFE86300B22BAC /* MyFavoriteProgrammersTests.m in Sources */ = {isa = PBXBuildFile; fileRef = 34070B9121FFE86300B22BAC /* MyFavoriteProgrammersTests.m */; };
		34070B9D21FFE86300B22BAC /* MyFavoriteProgrammersUITests.m in Sources */ = {isa = PBXBuildFile; fileRef = 34070B9C21FFE86300B22BAC /* MyFavoriteProgrammersUITests.m */; };
/* End PBXBuildFile section */

/* Begin PBXContainerItemProxy section */
		34070B8E21FFE86300B22BAC /* PBXContainerItemProxy */ = {
			isa = PBXContainerItemProxy;
			containerPortal = 34070B6D21FFE86300B22BAC /* Project object */;
			proxyType = 1;
			remoteGlobalIDString = 34070B7421FFE86300B22BAC;
			remoteInfo = MyFavoriteProgrammers;
		};
		34070B9921FFE86300B22BAC /* PBXContainerItemProxy */ = {
			isa = PBXContainerItemProxy;
			containerPortal = 34070B6D21FFE86300B22BAC /* Project object */;
			proxyType = 1;
			remoteGlobalIDString = 34070B7421FFE86300B22BAC;
			remoteInfo = MyFavoriteProgrammers;
		};
/* End PBXContainerItemProxy section */

/* Begin PBXFileReference section */
		34070B7521FFE86300B22BAC /* MyFavoriteProgrammers.app */ = {isa = PBXFileReference; explicitFileType = wrapper.application; includeInIndex = 0; path = MyFavoriteProgrammers.app; sourceTree = BUILT_PRODUCTS_DIR; };
		34070B7821FFE86300B22BAC /* AppDelegate.h */ = {isa = PBXFileReference; lastKnownFileType = sourcecode.c.h; path = AppDelegate.h; sourceTree = "<group>"; };
		34070B7921FFE86300B22BAC /* AppDelegate.m */ = {isa = PBXFileReference; lastKnownFileType = sourcecode.c.objc; path = AppDelegate.m; sourceTree = "<group>"; };
		34070B7B21FFE86300B22BAC /* ViewController.h */ = {isa = PBXFileReference; lastKnownFileType = sourcecode.c.h; path = ViewController.h; sourceTree = "<group>"; };
		34070B7C21FFE86300B22BAC /* ViewController.m */ = {isa = PBXFileReference; lastKnownFileType = sourcecode.c.objc; path = ViewController.m; sourceTree = "<group>"; };
		34070B7F21FFE86300B22BAC /* Base */ = {isa = PBXFileReference; lastKnownFileType = file.storyboard; name = Base; path = Base.lproj/Main.storyboard; sourceTree = "<group>"; };
		34070B8121FFE86300B22BAC /* Assets.xcassets */ = {isa = PBXFileReference; lastKnownFileType = folder.assetcatalog; path = Assets.xcassets; sourceTree = "<group>"; };
		34070B8421FFE86300B22BAC /* Base */ = {isa = PBXFileReference; lastKnownFileType = file.storyboard; name = Base; path = Base.lproj/LaunchScreen.storyboard; sourceTree = "<group>"; };
		34070B8621FFE86300B22BAC /* Info.plist */ = {isa = PBXFileReference; lastKnownFileType = text.plist.xml; path = Info.plist; sourceTree = "<group>"; };
		34070B8721FFE86300B22BAC /* main.m */ = {isa = PBXFileReference; lastKnownFileType = sourcecode.c.objc; path = main.m; sourceTree = "<group>"; };
		34070B8D21FFE86300B22BAC /* MyFavoriteProgrammersTests.xctest */ = {isa = PBXFileReference; explicitFileType = wrapper.cfbundle; includeInIndex = 0; path = MyFavoriteProgrammersTests.xctest; sourceTree = BUILT_PRODUCTS_DIR; };
		34070B9121FFE86300B22BAC /* MyFavoriteProgrammersTests.m */ = {isa = PBXFileReference; lastKnownFileType = sourcecode.c.objc; path = MyFavoriteProgrammersTests.m; sourceTree = "<group>"; };
		34070B9321FFE86300B22BAC /* Info.plist */ = {isa = PBXFileReference; lastKnownFileType = text.plist.xml; path = Info.plist; sourceTree = "<group>"; };
		34070B9821FFE86300B22BAC /* MyFavoriteProgrammersUITests.xctest */ = {isa = PBXFileReference; explicitFileType = wrapper.cfbundle; includeInIndex = 0; path = MyFavoriteProgrammersUITests.xctest; sourceTree = BUILT_PRODUCTS_DIR; };
		34070B9C21FFE86300B22BAC /* MyFavoriteProgrammersUITests.m */ = {isa = PBXFileReference; lastKnownFileType = sourcecode.c.objc; path = MyFavoriteProgrammersUITests.m; sourceTree = "<group>"; };
		34070B9E21FFE86300B22BAC /* Info.plist */ = {isa = PBXFileReference; lastKnownFileType = text.plist.xml; path = Info.plist; sourceTree = "<group>"; };
/* End PBXFileReference section */

/* Begin PBXFrameworksBuildPhase section */
		34070B7221FFE86300B22BAC /* Frameworks */ = {
			isa = PBXFrameworksBuildPhase;
			buildActionMask = 2147483647;
			files = (
			);
			runOnlyForDeploymentPostprocessing = 0;
		};
		34070B8A21FFE86300B22BAC /* Frameworks */ = {
			isa = PBXFrameworksBuildPhase;
			buildActionMask = 2147483647;
			files = (
			);
			runOnlyForDeploymentPostprocessing = 0;
		};
		34070B9521FFE86300B22BAC /* Frameworks */ = {
			isa = PBXFrameworksBuildPhase;
			buildActionMask = 2147483647;
			files = (
			);
			runOnlyForDeploymentPostprocessing = 0;
		};
/* End PBXFrameworksBuildPhase section */

/* Begin PBXGroup section */
		34070B6C21FFE86300B22BAC = {
			isa = PBXGroup;
			children = (
				34070B7721FFE86300B22BAC /* MyFavoriteProgrammers */,
				34070B9021FFE86300B22BAC /* MyFavoriteProgrammersTests */,
				34070B9B21FFE86300B22BAC /* MyFavoriteProgrammersUITests */,
				34070B7621FFE86300B22BAC /* Products */,
			);
			sourceTree = "<group>";
		};
		34070B7621FFE86300B22BAC /* Products */ = {
			isa = PBXGroup;
			children = (
				34070B7521FFE86300B22BAC /* MyFavoriteProgrammers.app */,
				34070B8D21FFE86300B22BAC /* MyFavoriteProgrammersTests.xctest */,
				34070B9821FFE86300B22BAC /* MyFavoriteProgrammersUITests.xctest */,
			);
			name = Products;
			sourceTree = "<group>";
		};
		34070B7721FFE86300B22BAC /* MyFavoriteProgrammers */ = {
			isa = PBXGroup;
			children = (
				34070B7821FFE86300B22BAC /* AppDelegate.h */,
				34070B7921FFE86300B22BAC /* AppDelegate.m */,
				34070B7B21FFE86300B22BAC /* ViewController.h */,
				34070B7C21FFE86300B22BAC /* ViewController.m */,
				34070B7E21FFE86300B22BAC /* Main.storyboard */,
				34070B8121FFE86300B22BAC /* Assets.xcassets */,
				34070B8321FFE86300B22BAC /* LaunchScreen.storyboard */,
				34070B8621FFE86300B22BAC /* Info.plist */,
				34070B8721FFE86300B22BAC /* main.m */,
			);
			path = MyFavoriteProgrammers;
			sourceTree = "<group>";
		};
		34070B9021FFE86300B22BAC /* MyFavoriteProgrammersTests */ = {
			isa = PBXGroup;
			children = (
				34070B9121FFE86300B22BAC /* MyFavoriteProgrammersTests.m */,
				34070B9321FFE86300B22BAC /* Info.plist */,
			);
			path = MyFavoriteProgrammersTests;
			sourceTree = "<group>";
		};
		34070B9B21FFE86300B22BAC /* MyFavoriteProgrammersUITests */ = {
			isa = PBXGroup;
			children = (
				34070B9C21FFE86300B22BAC /* MyFavoriteProgrammersUITests.m */,
				34070B9E21FFE86300B22BAC /* Info.plist */,
			);
			path = MyFavoriteProgrammersUITests;
			sourceTree = "<group>";
		};
/* End PBXGroup section */

/* Begin PBXNativeTarget section */
		34070B7421FFE86300B22BAC /* MyFavoriteProgrammers */ = {
			isa = PBXNativeTarget;
			buildConfigurationList = 34070BA121FFE86400B22BAC /* Build configuration list for PBXNativeTarget "MyFavoriteProgrammers" */;
			buildPhases = (
				34070B7121FFE86300B22BAC /* Sources */,
				34070B7221FFE86300B22BAC /* Frameworks */,
				34070B7321FFE86300B22BAC /* Resources */,
			);
			buildRules = (
			);
			dependencies = (
			);
			name = MyFavoriteProgrammers;
			productName = MyFavoriteProgrammers;
			productReference = 34070B7521FFE86300B22BAC /* MyFavoriteProgrammers.app */;
			productType = "com.apple.product-type.application";
		};
		34070B8C21FFE86300B22BAC /* MyFavoriteProgrammersTests */ = {
			isa = PBXNativeTarget;
			buildConfigurationList = 34070BA421FFE86400B22BAC /* Build configuration list for PBXNativeTarget "MyFavoriteProgrammersTests" */;
			buildPhases = (
				34070B8921FFE86300B22BAC /* Sources */,
				34070B8A21FFE86300B22BAC /* Frameworks */,
				34070B8B21FFE86300B22BAC /* Resources */,
			);
			buildRules = (
			);
			dependencies = (
				34070B8F21FFE86300B22BAC /* PBXTargetDependency */,
			);
			name = MyFavoriteProgrammersTests;
			productName = MyFavoriteProgrammersTests;
			productReference = 34070B8D21FFE86300B22BAC /* MyFavoriteProgrammersTests.xctest */;
			productType = "com.apple.product-type.bundle.unit-test";
		};
		34070B9721FFE86300B22BAC /* MyFavoriteProgrammersUITests */ = {
			isa = PBXNativeTarget;
			buildConfigurationList = 34070BA721FFE86400B22BAC /* Build configuration list for PBXNativeTarget "MyFavoriteProgrammersUITests" */;
			buildPhases = (
				34070B9421FFE86300B22BAC /* Sources */,
				34070B9521FFE86300B22BAC /* Frameworks */,
				34070B9621FFE86300B22BAC /* Resources */,
			);
			buildRules = (
			);
			dependencies = (
				34070B9A21FFE86300B22BAC /* PBXTargetDependency */,
			);
			name = MyFavoriteProgrammersUITests;
			productName = MyFavoriteProgrammersUITests;
			productReference = 34070B9821FFE86300B22BAC /* MyFavoriteProgrammersUITests.xctest */;
			productType = "com.apple.product-type.bundle.ui-testing";
		};
/* End PBXNativeTarget section */

/* Begin PBXProject section */
		34070B6D21FFE86300B22BAC /* Project object */ = {
			isa = PBXProject;
			attributes = {
				LastUpgradeCheck = 1010;
				ORGANIZATIONNAME = "Ginny's Games";
				TargetAttributes = {
					34070B7421FFE86300B22BAC = {
						CreatedOnToolsVersion = 10.1;
					};
					34070B8C21FFE86300B22BAC = {
						CreatedOnToolsVersion = 10.1;
						TestTargetID = 34070B7421FFE86300B22BAC;
					};
					34070B9721FFE86300B22BAC = {
						CreatedOnToolsVersion = 10.1;
						TestTargetID = 34070B7421FFE86300B22BAC;
					};
				};
			};
			buildConfigurationList = 34070B7021FFE86300B22BAC /* Build configuration list for PBXProject "MyFavoriteProgrammers" */;
			compatibilityVersion = "Xcode 9.3";
			developmentRegion = en;
			hasScannedForEncodings = 0;
			knownRegions = (
				en,
				Base,
			);
			mainGroup = 34070B6C21FFE86300B22BAC;
			productRefGroup = 34070B7621FFE86300B22BAC /* Products */;
			projectDirPath = "";
			projectRoot = "";
			targets = (
				34070B7421FFE86300B22BAC /* MyFavoriteProgrammers */,
				34070B8C21FFE86300B22BAC /* MyFavoriteProgrammersTests */,
				34070B9721FFE86300B22BAC /* MyFavoriteProgrammersUITests */,
			);
		};
/* End PBXProject section */

/* Begin PBXResourcesBuildPhase section */
		34070B7321FFE86300B22BAC /* Resources */ = {
			isa = PBXResourcesBuildPhase;
			buildActionMask = 2147483647;
			files = (
				34070B8521FFE86300B22BAC /* LaunchScreen.storyboard in Resources */,
				34070B8221FFE86300B22BAC /* Assets.xcassets in Resources */,
				34070B8021FFE86300B22BAC /* Main.storyboard in Resources */,
			);
			runOnlyForDeploymentPostprocessing = 0;
		};
		34070B8B21FFE86300B22BAC /* Resources */ = {
			isa = PBXResourcesBuildPhase;
			buildActionMask = 2147483647;
			files = (
			);
			runOnlyForDeploymentPostprocessing = 0;
		};
		34070B9621FFE86300B22BAC /* Resources */ = {
			isa = PBXResourcesBuildPhase;
			buildActionMask = 2147483647;
			files = (
			);
			runOnlyForDeploymentPostprocessing = 0;
		};
/* End PBXResourcesBuildPhase section */

/* Begin PBXSourcesBuildPhase section */
		34070B7121FFE86300B22BAC /* Sources */ = {
			isa = PBXSourcesBuildPhase;
			buildActionMask = 2147483647;
			files = (
				34070B7D21FFE86300B22BAC /* ViewController.m in Sources */,
				34070B8821FFE86300B22BAC /* main.m in Sources */,
				34070B7A21FFE86300B22BAC /* AppDelegate.m in Sources */,
			);
			runOnlyForDeploymentPostprocessing = 0;
		};
		34070B8921FFE86300B22BAC /* Sources */ = {
			isa = PBXSourcesBuildPhase;
			buildActionMask = 2147483647;
			files = (
				34070B9221FFE86300B22BAC /* MyFavoriteProgrammersTests.m in Sources */,
			);
			runOnlyForDeploymentPostprocessing = 0;
		};
		34070B9421FFE86300B22BAC /* Sources */ = {
			isa = PBXSourcesBuildPhase;
			buildActionMask = 2147483647;
			files = (
				34070B9D21FFE86300B22BAC /* MyFavoriteProgrammersUITests.m in Sources */,
			);
			runOnlyForDeploymentPostprocessing = 0;
		};
/* End PBXSourcesBuildPhase section */

/* Begin PBXTargetDependency section */
		34070B8F21FFE86300B22BAC /* PBXTargetDependency */ = {
			isa = PBXTargetDependency;
			target = 34070B7421FFE86300B22BAC /* MyFavoriteProgrammers */;
			targetProxy = 34070B8E21FFE86300B22BAC /* PBXContainerItemProxy */;
		};
		34070B9A21FFE86300B22BAC /* PBXTargetDependency */ = {
			isa = PBXTargetDependency;
			target = 34070B7421FFE86300B22BAC /* MyFavoriteProgrammers */;
			targetProxy = 34070B9921FFE86300B22BAC /* PBXContainerItemProxy */;
		};
/* End PBXTargetDependency section */

/* Begin PBXVariantGroup section */
		34070B7E21FFE86300B22BAC /* Main.storyboard */ = {
			isa = PBXVariantGroup;
			children = (
				34070B7F21FFE86300B22BAC /* Base */,
			);
			name = Main.storyboard;
			sourceTree = "<group>";
		};
		34070B8321FFE86300B22BAC /* LaunchScreen.storyboard */ = {
			isa = PBXVariantGroup;
			children = (
				34070B8421FFE86300B22BAC /* Base */,
			);
			name = LaunchScreen.storyboard;
			sourceTree = "<group>";
		};
/* End PBXVariantGroup section */

/* Begin XCBuildConfiguration section */
		34070B9F21FFE86400B22BAC /* Debug */ = {
			isa = XCBuildConfiguration;
			buildSettings = {
				ALWAYS_SEARCH_USER_PATHS = NO;
				CLANG_ANALYZER_NONNULL = YES;
				CLANG_ANALYZER_NUMBER_OBJECT_CONVERSION = YES_AGGRESSIVE;
				CLANG_CXX_LANGUAGE_STANDARD = "gnu++14";
				CLANG_CXX_LIBRARY = "libc++";
				CLANG_ENABLE_MODULES = YES;
				CLANG_ENABLE_OBJC_ARC = YES;
				CLANG_ENABLE_OBJC_WEAK = YES;
				CLANG_WARN_BLOCK_CAPTURE_AUTORELEASING = YES;
				CLANG_WARN_BOOL_CONVERSION = YES;
				CLANG_WARN_COMMA = YES;
				CLANG_WARN_CONSTANT_CONVERSION = YES;
				CLANG_WARN_DEPRECATED_OBJC_IMPLEMENTATIONS = YES;
				CLANG_WARN_DIRECT_OBJC_ISA_USAGE = YES_ERROR;
				CLANG_WARN_DOCUMENTATION_COMMENTS = YES;
				CLANG_WARN_EMPTY_BODY = YES;
				CLANG_WARN_ENUM_CONVERSION = YES;
				CLANG_WARN_INFINITE_RECURSION = YES;
				CLANG_WARN_INT_CONVERSION = YES;
				CLANG_WARN_NON_LITERAL_NULL_CONVERSION = YES;
				CLANG_WARN_OBJC_IMPLICIT_RETAIN_SELF = YES;
				CLANG_WARN_OBJC_LITERAL_CONVERSION = YES;
				CLANG_WARN_OBJC_ROOT_CLASS = YES_ERROR;
				CLANG_WARN_RANGE_LOOP_ANALYSIS = YES;
				CLANG_WARN_STRICT_PROTOTYPES = YES;
				CLANG_WARN_SUSPICIOUS_MOVE = YES;
				CLANG_WARN_UNGUARDED_AVAILABILITY = YES_AGGRESSIVE;
				CLANG_WARN_UNREACHABLE_CODE = YES;
				CLANG_WARN__DUPLICATE_METHOD_MATCH = YES;
				CODE_SIGN_IDENTITY = "iPhone Developer";
				COPY_PHASE_STRIP = NO;
				DEBUG_INFORMATION_FORMAT = dwarf;
				ENABLE_STRICT_OBJC_MSGSEND = YES;
				ENABLE_TESTABILITY = YES;
				GCC_C_LANGUAGE_STANDARD = gnu11;
				GCC_DYNAMIC_NO_PIC = NO;
				GCC_NO_COMMON_BLOCKS = YES;
				GCC_OPTIMIZATION_LEVEL = 0;
				GCC_PREPROCESSOR_DEFINITIONS = (
					"DEBUG=1",
					"$(inherited)",
				);
				GCC_WARN_64_TO_32_BIT_CONVERSION = YES;
				GCC_WARN_ABOUT_RETURN_TYPE = YES_ERROR;
				GCC_WARN_UNDECLARED_SELECTOR = YES;
				GCC_WARN_UNINITIALIZED_AUTOS = YES_AGGRESSIVE;
				GCC_WARN_UNUSED_FUNCTION = YES;
				GCC_WARN_UNUSED_VARIABLE = YES;
				IPHONEOS_DEPLOYMENT_TARGET = 12.1;
				MTL_ENABLE_DEBUG_INFO = INCLUDE_SOURCE;
				MTL_FAST_MATH = YES;
				ONLY_ACTIVE_ARCH = YES;
				SDKROOT = iphoneos;
			};
			name = Debug;
		};
		34070BA021FFE86400B22BAC /* Release */ = {
			isa = XCBuildConfiguration;
			buildSettings = {
				ALWAYS_SEARCH_USER_PATHS = NO;
				CLANG_ANALYZER_NONNULL = YES;
				CLANG_ANALYZER_NUMBER_OBJECT_CONVERSION = YES_AGGRESSIVE;
				CLANG_CXX_LANGUAGE_STANDARD = "gnu++14";
				CLANG_CXX_LIBRARY = "libc++";
				CLANG_ENABLE_MODULES = YES;
				CLANG_ENABLE_OBJC_ARC = YES;
				CLANG_ENABLE_OBJC_WEAK = YES;
				CLANG_WARN_BLOCK_CAPTURE_AUTORELEASING = YES;
				CLANG_WARN_BOOL_CONVERSION = YES;
				CLANG_WARN_COMMA = YES;
				CLANG_WARN_CONSTANT_CONVERSION = YES;
				CLANG_WARN_DEPRECATED_OBJC_IMPLEMENTATIONS = YES;
				CLANG_WARN_DIRECT_OBJC_ISA_USAGE = YES_ERROR;
				CLANG_WARN_DOCUMENTATION_COMMENTS = YES;
				CLANG_WARN_EMPTY_BODY = YES;
				CLANG_WARN_ENUM_CONVERSION = YES;
				CLANG_WARN_INFINITE_RECURSION = YES;
				CLANG_WARN_INT_CONVERSION = YES;
				CLANG_WARN_NON_LITERAL_NULL_CONVERSION = YES;
				CLANG_WARN_OBJC_IMPLICIT_RETAIN_SELF = YES;
				CLANG_WARN_OBJC_LITERAL_CONVERSION = YES;
				CLANG_WARN_OBJC_ROOT_CLASS = YES_ERROR;
				CLANG_WARN_RANGE_LOOP_ANALYSIS = YES;
				CLANG_WARN_STRICT_PROTOTYPES = YES;
				CLANG_WARN_SUSPICIOUS_MOVE = YES;
				CLANG_WARN_UNGUARDED_AVAILABILITY = YES_AGGRESSIVE;
				CLANG_WARN_UNREACHABLE_CODE = YES;
				CLANG_WARN__DUPLICATE_METHOD_MATCH = YES;
				CODE_SIGN_IDENTITY = "iPhone Developer";
				COPY_PHASE_STRIP = NO;
				DEBUG_INFORMATION_FORMAT = "dwarf-with-dsym";
				ENABLE_NS_ASSERTIONS = NO;
				ENABLE_STRICT_OBJC_MSGSEND = YES;
				GCC_C_LANGUAGE_STANDARD = gnu11;
				GCC_NO_COMMON_BLOCKS = YES;
				GCC_WARN_64_TO_32_BIT_CONVERSION = YES;
				GCC_WARN_ABOUT_RETURN_TYPE = YES_ERROR;
				GCC_WARN_UNDECLARED_SELECTOR = YES;
				GCC_WARN_UNINITIALIZED_AUTOS = YES_AGGRESSIVE;
				GCC_WARN_UNUSED_FUNCTION = YES;
				GCC_WARN_UNUSED_VARIABLE = YES;
				IPHONEOS_DEPLOYMENT_TARGET = 12.1;
				MTL_ENABLE_DEBUG_INFO = NO;
				MTL_FAST_MATH = YES;
				SDKROOT = iphoneos;
				VALIDATE_PRODUCT = YES;
			};
			name = Release;
		};
		34070BA221FFE86400B22BAC /* Debug */ = {
			isa = XCBuildConfiguration;
			buildSettings = {
				ASSETCATALOG_COMPILER_APPICON_NAME = AppIcon;
				CODE_SIGN_STYLE = Automatic;
				INFOPLIST_FILE = MyFavoriteProgrammers/Info.plist;
				LD_RUNPATH_SEARCH_PATHS = (
					"$(inherited)",
					"@executable_path/Frameworks",
				);
				PRODUCT_BUNDLE_IDENTIFIER = ginny.MyFavoriteProgrammers;
				PRODUCT_NAME = "$(TARGET_NAME)";
				TARGETED_DEVICE_FAMILY = "1,2";
			};
			name = Debug;
		};
		34070BA321FFE86400B22BAC /* Release */ = {
			isa = XCBuildConfiguration;
			buildSettings = {
				ASSETCATALOG_COMPILER_APPICON_NAME = AppIcon;
				CODE_SIGN_STYLE = Automatic;
				INFOPLIST_FILE = MyFavoriteProgrammers/Info.plist;
				LD_RUNPATH_SEARCH_PATHS = (
					"$(inherited)",
					"@executable_path/Frameworks",
				);
				PRODUCT_BUNDLE_IDENTIFIER = ginny.MyFavoriteProgrammers;
				PRODUCT_NAME = "$(TARGET_NAME)";
				TARGETED_DEVICE_FAMILY = "1,2";
			};
			name = Release;
		};
		34070BA521FFE86400B22BAC /* Debug */ = {
			isa = XCBuildConfiguration;
			buildSettings = {
				BUNDLE_LOADER = "$(TEST_HOST)";
				CODE_SIGN_STYLE = Automatic;
				INFOPLIST_FILE = MyFavoriteProgrammersTests/Info.plist;
				LD_RUNPATH_SEARCH_PATHS = (
					"$(inherited)",
					"@executable_path/Frameworks",
					"@loader_path/Frameworks",
				);
				PRODUCT_BUNDLE_IDENTIFIER = ginny.MyFavoriteProgrammersTests;
				PRODUCT_NAME = "$(TARGET_NAME)";
				TARGETED_DEVICE_FAMILY = "1,2";
				TEST_HOST = "$(BUILT_PRODUCTS_DIR)/MyFavoriteProgrammers.app/MyFavoriteProgrammers";
			};
			name = Debug;
		};
		34070BA621FFE86400B22BAC /* Release */ = {
			isa = XCBuildConfiguration;
			buildSettings = {
				BUNDLE_LOADER = "$(TEST_HOST)";
				CODE_SIGN_STYLE = Automatic;
				INFOPLIST_FILE = MyFavoriteProgrammersTests/Info.plist;
				LD_RUNPATH_SEARCH_PATHS = (
					"$(inherited)",
					"@executable_path/Frameworks",
					"@loader_path/Frameworks",
				);
				PRODUCT_BUNDLE_IDENTIFIER = ginny.MyFavoriteProgrammersTests;
				PRODUCT_NAME = "$(TARGET_NAME)";
				TARGETED_DEVICE_FAMILY = "1,2";
				TEST_HOST = "$(BUILT_PRODUCTS_DIR)/MyFavoriteProgrammers.app/MyFavoriteProgrammers";
			};
			name = Release;
		};
		34070BA821FFE86400B22BAC /* Debug */ = {
			isa = XCBuildConfiguration;
			buildSettings = {
				CODE_SIGN_STYLE = Automatic;
				INFOPLIST_FILE = MyFavoriteProgrammersUITests/Info.plist;
				LD_RUNPATH_SEARCH_PATHS = (
					"$(inherited)",
					"@executable_path/Frameworks",
					"@loader_path/Frameworks",
				);
				PRODUCT_BUNDLE_IDENTIFIER = ginny.MyFavoriteProgrammersUITests;
				PRODUCT_NAME = "$(TARGET_NAME)";
				TARGETED_DEVICE_FAMILY = "1,2";
				TEST_TARGET_NAME = MyFavoriteProgrammers;
			};
			name = Debug;
		};
		34070BA921FFE86400B22BAC /* Release */ = {
			isa = XCBuildConfiguration;
			buildSettings = {
				CODE_SIGN_STYLE = Automatic;
				INFOPLIST_FILE = MyFavoriteProgrammersUITests/Info.plist;
				LD_RUNPATH_SEARCH_PATHS = (
					"$(inherited)",
					"@executable_path/Frameworks",
					"@loader_path/Frameworks",
				);
				PRODUCT_BUNDLE_IDENTIFIER = ginny.MyFavoriteProgrammersUITests;
				PRODUCT_NAME = "$(TARGET_NAME)";
				TARGETED_DEVICE_FAMILY = "1,2";
				TEST_TARGET_NAME = MyFavoriteProgrammers;
			};
			name = Release;
		};
/* End XCBuildConfiguration section */

/* Begin XCConfigurationList section */
		34070B7021FFE86300B22BAC /* Build configuration list for PBXProject "MyFavoriteProgrammers" */ = {
			isa = XCConfigurationList;
			buildConfigurations = (
				34070B9F21FFE86400B22BAC /* Debug */,
				34070BA021FFE86400B22BAC /* Release */,
			);
			defaultConfigurationIsVisible = 0;
			defaultConfigurationName = Release;
		};
		34070BA121FFE86400B22BAC /* Build configuration list for PBXNativeTarget "MyFavoriteProgrammers" */ = {
			isa = XCConfigurationList;
			buildConfigurations = (
				34070BA221FFE86400B22BAC /* Debug */,
				34070BA321FFE86400B22BAC /* Release */,
			);
			defaultConfigurationIsVisible = 0;
			defaultConfigurationName = Release;
		};
		34070BA421FFE86400B22BAC /* Build configuration list for PBXNativeTarget "MyFavoriteProgrammersTests" */ = {
			isa = XCConfigurationList;
			buildConfigurations = (
				34070BA521FFE86400B22BAC /* Debug */,
				34070BA621FFE86400B22BAC /* Release */,
			);
			defaultConfigurationIsVisible = 0;
			defaultConfigurationName = Release;
		};
		34070BA721FFE86400B22BAC /* Build configuration list for PBXNativeTarget "MyFavoriteProgrammersUITests" */ = {
			isa = XCConfigurationList;
			buildConfigurations = (
				34070BA821FFE86400B22BAC /* Debug */,
				34070BA921FFE86400B22BAC /* Release */,
			);
			defaultConfigurationIsVisible = 0;
			defaultConfigurationName = Release;
		};
/* End XCConfigurationList section */
	};
	rootObject = 34070B6D21FFE86300B22BAC /* Project object */;
}
